
Microsoft Visual Studio Solution File, Format Version 12.00
# Visual Studio Version 16
VisualStudioVersion = 16.0.30907.101
MinimumVisualStudioVersion = 10.0.40219.1
Project("{FAE04EC0-301F-11D3-BF4B-00C04F79EFBC}") = "ProjeGame", "ProjeGame\ProjeGame.csproj", "{B048A35F-0A89-43B0-B548-B03D8A665FC3}"
EndProject
Global
	GlobalSection(SolutionConfigurationPlatforms) = preSolution
		Debug|Any CPU = Debug|Any CPU
		Release|Any CPU = Release|Any CPU
	EndGlobalSection
	GlobalSection(ProjectConfigurationPlatforms) = postSolution
		{B048A35F-0A89-43B0-B548-B03D8A665FC3}.Debug|Any CPU.ActiveCfg = Debug|Any CPU
		{B048A35F-0A89-43B0-B548-B03D8A665FC3}.Debug|Any CPU.Build.0 = Debug|Any CPU
		{B048A35F-0A89-43B0-B548-B03D8A665FC3}.Release|Any CPU.ActiveCfg = Release|Any CPU
		{B048A35F-0A89-43B0-B548-B03D8A665FC3}.Release|Any CPU.Build.0 = Release|Any CPU
	EndGlobalSection
	GlobalSection(SolutionProperties) = preSolution
		HideSolutionNode = FALSE
	EndGlobalSection
	GlobalSection(ExtensibilityGlobals) = postSolution
		SolutionGuid = {828EF982-12B1-4205-9F51-A292E2A0A362}
	EndGlobalSection
EndGlobal
